[[package]]
name = "asgiref"
version = "3.4.1"
description = "ASGI specs, helper code, and adapters"
category = "main"
optional = false
python-versions = ">=3.6"

[package.extras]
tests = ["pytest", "pytest-asyncio", "mypy (>=0.800)"]

[[package]]
name = "certifi"
version = "2021.10.8"
description = "Python package for providing Mozilla's CA Bundle."
category = "main"
optional = false
python-versions = "*"

[[package]]
name = "colorama"
version = "0.4.4"
description = "Cross-platform colored terminal text."
category = "main"
optional = false
python-versions = ">=2.7, !=3.0.*, !=3.1.*, !=3.2.*, !=3.3.*, !=3.4.*"

[[package]]
name = "dinbrief"
version = "0.4.0"
description = "PDF renderer for DIN 5008 and DIN 676 compliant letters and invoices"
category = "main"
optional = false
python-versions = "*"

[package.dependencies]
reportlab = "*"

[[package]]
name = "django"
version = "3.2.9"
description = "A high-level Python Web framework that encourages rapid development and clean, pragmatic design."
category = "main"
optional = false
python-versions = ">=3.6"

[package.dependencies]
asgiref = ">=3.3.2,<4"
pytz = "*"
sqlparse = ">=0.2.2"

[package.extras]
argon2 = ["argon2-cffi (>=19.1.0)"]
bcrypt = ["bcrypt"]

[[package]]
name = "django-admin-tools"
version = "0.9.1"
description = "A collection of tools for the django administration interface"
category = "main"
optional = false
python-versions = "*"

[[package]]
name = "django-composite-field"
version = "1.1.0"
description = "CompositeField implementation for Django"
category = "main"
optional = false
python-versions = "*"

[[package]]
name = "django-countries"
version = "7.2.1"
description = "Provides a country field for Django models."
category = "main"
optional = false
python-versions = "*"

[package.extras]
dev = ["tox", "black", "django", "pytest", "pytest-django", "djangorestframework", "graphene-django"]
maintainer = ["transifex-client", "zest.releaser", "django"]
pyuca = ["pyuca"]
test = ["pytest", "pytest-django", "pytest-cov", "graphene-django"]

[[package]]
name = "django-localflavor"
version = "3.1"
description = "Country-specific Django helpers"
category = "main"
optional = false
python-versions = "*"

[package.dependencies]
django = ">=2.2"
python-stdnum = ">=1.6"

[[package]]
name = "django-minio-backend"
version = "3.2.1"
description = "The django-minio-backend provides a wrapper around the MinIO Python Library."
category = "main"
optional = false
python-versions = "*"

[package.dependencies]
Django = ">=2.2.2"
minio = ">=7.0.2"

[[package]]
name = "django-taggit"
version = "1.5.1"
description = "django-taggit is a reusable Django application for simple tagging."
category = "main"
optional = false
python-versions = ">=3.6"

[package.dependencies]
Django = ">=2.2"

[[package]]
name = "djangorestframework"
version = "3.12.4"
description = "Web APIs for Django, made easy."
category = "main"
optional = false
python-versions = ">=3.5"

[package.dependencies]
django = ">=2.2"

[[package]]
name = "minio"
version = "7.1.2"
description = "MinIO Python SDK for Amazon S3 Compatible Cloud Storage"
category = "main"
optional = false
python-versions = "*"

[package.dependencies]
certifi = "*"
urllib3 = "*"

[[package]]
name = "pillow"
version = "8.4.0"
description = "Python Imaging Library (Fork)"
category = "main"
optional = false
python-versions = ">=3.6"

[[package]]
name = "psycopg2"
version = "2.9.2"
description = "psycopg2 - Python-PostgreSQL Database Adapter"
category = "main"
optional = false
python-versions = ">=3.6"

[[package]]
name = "pypdf3"
version = "1.0.5"
description = "Pure Python PDF toolkit"
category = "main"
optional = false
python-versions = "*"

[package.dependencies]
tqdm = "*"

[[package]]
name = "python-magic"
version = "0.4.24"
description = "File type identification using libmagic"
category = "main"
optional = false
python-versions = ">=2.7, !=3.0.*, !=3.1.*, !=3.2.*, !=3.3.*, !=3.4.*"

[[package]]
name = "python-stdnum"
version = "1.17"
description = "Python module to handle standardized numbers and codes"
category = "main"
optional = false
python-versions = "*"

[package.extras]
soap = ["zeep"]
soap-alt = ["suds"]
soap-fallback = ["pysimplesoap"]

[[package]]
name = "pytz"
version = "2021.3"
description = "World timezone definitions, modern and historical"
category = "main"
optional = false
python-versions = "*"

[[package]]
name = "reportlab"
version = "3.6.3"
description = "The Reportlab Toolkit"
category = "main"
optional = false
python-versions = ">=3.6, <4"

[package.dependencies]
pillow = ">=4.0.0"

[package.extras]
rlpycairo = ["rlPyCairo (>=0.0.5)"]

[[package]]
name = "sqlparse"
version = "0.4.2"
description = "A non-validating SQL parser."
category = "main"
optional = false
python-versions = ">=3.5"

[[package]]
name = "tqdm"
version = "4.62.3"
description = "Fast, Extensible Progress Meter"
category = "main"
optional = false
python-versions = "!=3.0.*,!=3.1.*,!=3.2.*,!=3.3.*,>=2.7"

[package.dependencies]
colorama = {version = "*", markers = "platform_system == \"Windows\""}

[package.extras]
dev = ["py-make (>=0.1.0)", "twine", "wheel"]
notebook = ["ipywidgets (>=6)"]
telegram = ["requests"]

[[package]]
name = "urllib3"
version = "1.26.7"
description = "HTTP library with thread-safe connection pooling, file post, and more."
category = "main"
optional = false
python-versions = ">=2.7, !=3.0.*, !=3.1.*, !=3.2.*, !=3.3.*, !=3.4.*, <4"

[package.extras]
brotli = ["brotlipy (>=0.6.0)"]
secure = ["pyOpenSSL (>=0.14)", "cryptography (>=1.3.4)", "idna (>=2.0.0)", "certifi", "ipaddress"]
socks = ["PySocks (>=1.5.6,!=1.5.7,<2.0)"]

[[package]]
name = "wand"
version = "0.6.7"
description = "Ctypes-based simple MagickWand API binding for Python"
category = "main"
optional = false
python-versions = "*"

[package.extras]
doc = ["Sphinx (>=2.4.1)"]
test = ["pytest (>=5.3.5)"]

[metadata]
lock-version = "1.1"
python-versions = "^3.8"
content-hash = "8271e1cad66dfa60aa1169f81271a7369d6d0cf1c5041b57b95c5892ddfeb0d2"

[metadata.files]
asgiref = [
    {file = "asgiref-3.4.1-py3-none-any.whl", hash = "sha256:ffc141aa908e6f175673e7b1b3b7af4fdb0ecb738fc5c8b88f69f055c2415214"},
    {file = "asgiref-3.4.1.tar.gz", hash = "sha256:4ef1ab46b484e3c706329cedeff284a5d40824200638503f5768edb6de7d58e9"},
]
certifi = [
    {file = "certifi-2021.10.8-py2.py3-none-any.whl", hash = "sha256:d62a0163eb4c2344ac042ab2bdf75399a71a2d8c7d47eac2e2ee91b9d6339569"},
    {file = "certifi-2021.10.8.tar.gz", hash = "sha256:78884e7c1d4b00ce3cea67b44566851c4343c120abd683433ce934a68ea58872"},
]
colorama = [
    {file = "colorama-0.4.4-py2.py3-none-any.whl", hash = "sha256:9f47eda37229f68eee03b24b9748937c7dc3868f906e8ba69fbcbdd3bc5dc3e2"},
    {file = "colorama-0.4.4.tar.gz", hash = "sha256:5941b2b48a20143d2267e95b1c2a7603ce057ee39fd88e7329b0c292aa16869b"},
]
dinbrief = [
    {file = "dinbrief-0.4.0-py2.py3-none-any.whl", hash = "sha256:94897ff7b04d224a4d28b67e02509d5ae9fd58d25c713b341fb99d767b614deb"},
    {file = "dinbrief-0.4.0.tar.gz", hash = "sha256:e559092332fe3285088e3506ffa7e41fe8f7453f7b2ae137e887205189fc8a12"},
]
django = [
    {file = "Django-3.2.9-py3-none-any.whl", hash = "sha256:e22c9266da3eec7827737cde57694d7db801fedac938d252bf27377cec06ed1b"},
    {file = "Django-3.2.9.tar.gz", hash = "sha256:51284300f1522ffcdb07ccbdf676a307c6678659e1284f0618e5a774127a6a08"},
]
django-admin-tools = [
    {file = "django-admin-tools-0.9.1.tar.gz", hash = "sha256:f54cfed4e8eceb62c57962e41c0a8d202e40c18f4fe1ebeeef3507d8f027e8d7"},
    {file = "django_admin_tools-0.9.1-py2.py3-none-any.whl", hash = "sha256:cb32332f93e6ab4549d4d625587fe405f98e82e31b349ea000b809eaa1aa56cd"},
]
django-composite-field = [
    {file = "django-composite-field-1.1.0.tar.gz", hash = "sha256:9b6407742f179e2462ba36cbd3b124e0b1dca948c89a5a00f17747c33140eadd"},
    {file = "django_composite_field-1.1.0-py2.py3-none-any.whl", hash = "sha256:afc75c6724a3a55e68d75edc8ab3fc3f3646986fc702a29d94f495571f381448"},
]
django-countries = [
    {file = "django-countries-7.2.1.tar.gz", hash = "sha256:26878b54d36bedff30b4535ceefcb8af6784741a8b30b1b8a662fb14a936a4ab"},
    {file = "django_countries-7.2.1-py3-none-any.whl", hash = "sha256:adc965f1d348124274b7d918fc1aad5e29609758af999e1822baa9f2cc06d1b8"},
]
django-localflavor = [
    {file = "django-localflavor-3.1.tar.gz", hash = "sha256:ac2fa377bbcba4cae95e97077d9e77c7f22b3d93e4845e2e133ba7e664043a44"},
    {file = "django_localflavor-3.1-py3-none-any.whl", hash = "sha256:6593865dc671333b3edc88e729e6d384d00b6db7891ef5d3a65db831a40050d2"},
]
django-minio-backend = [
    {file = "django-minio-backend-3.2.1.tar.gz", hash = "sha256:3ae82d74a60a21bbeceb5fb800b1a5045d42d8c39ff551a6f9e88eaf9fc26565"},
    {file = "django_minio_backend-3.2.1-py3-none-any.whl", hash = "sha256:7598daaefe6d2926a6bb2ce587b86bbad32038c148dfbdc608ee2cf1888b28b7"},
]
django-taggit = [
    {file = "django-taggit-1.5.1.tar.gz", hash = "sha256:e5bb62891f458d55332e36a32e19c08d20142c43f74bc5656c803f8af25c084a"},
    {file = "django_taggit-1.5.1-py3-none-any.whl", hash = "sha256:dfe9e9c10b5929132041de0c00093ef0072c73c2a97d0f74a818ae50fa77149a"},
]
djangorestframework = [
    {file = "djangorestframework-3.12.4-py3-none-any.whl", hash = "sha256:6d1d59f623a5ad0509fe0d6bfe93cbdfe17b8116ebc8eda86d45f6e16e819aaf"},
    {file = "djangorestframework-3.12.4.tar.gz", hash = "sha256:f747949a8ddac876e879190df194b925c177cdeb725a099db1460872f7c0a7f2"},
]
minio = [
    {file = "minio-7.1.2-py3-none-any.whl", hash = "sha256:51318733496f37617bebfefe116453406a0d5afc6add8c421df07f32e0843c2b"},
    {file = "minio-7.1.2.tar.gz", hash = "sha256:40d0cdb4dba5d5610d6599ea740cf827102db5bfa71279fc220c3cf7305bedc1"},
]
pillow = [
    {file = "Pillow-8.4.0-cp310-cp310-macosx_10_10_universal2.whl", hash = "sha256:81f8d5c81e483a9442d72d182e1fb6dcb9723f289a57e8030811bac9ea3fef8d"},
    {file = "Pillow-8.4.0-cp310-cp310-macosx_11_0_arm64.whl", hash = "sha256:3f97cfb1e5a392d75dd8b9fd274d205404729923840ca94ca45a0af57e13dbe6"},
    {file = "Pillow-8.4.0-cp310-cp310-manylinux_2_17_aarch64.manylinux2014_aarch64.whl", hash = "sha256:eb9fc393f3c61f9054e1ed26e6fe912c7321af2f41ff49d3f83d05bacf22cc78"},
    {file = "Pillow-8.4.0-cp310-cp310-manylinux_2_17_i686.manylinux2014_i686.whl", hash = "sha256:d82cdb63100ef5eedb8391732375e6d05993b765f72cb34311fab92103314649"},
    {file = "Pillow-8.4.0-cp310-cp310-manylinux_2_17_x86_64.manylinux2014_x86_64.whl", hash = "sha256:62cc1afda735a8d109007164714e73771b499768b9bb5afcbbee9d0ff374b43f"},
    {file = "Pillow-8.4.0-cp310-cp310-win32.whl", hash = "sha256:e3dacecfbeec9a33e932f00c6cd7996e62f53ad46fbe677577394aaa90ee419a"},
    {file = "Pillow-8.4.0-cp310-cp310-win_amd64.whl", hash = "sha256:620582db2a85b2df5f8a82ddeb52116560d7e5e6b055095f04ad828d1b0baa39"},
    {file = "Pillow-8.4.0-cp36-cp36m-macosx_10_10_x86_64.whl", hash = "sha256:1bc723b434fbc4ab50bb68e11e93ce5fb69866ad621e3c2c9bdb0cd70e345f55"},
    {file = "Pillow-8.4.0-cp36-cp36m-manylinux_2_17_aarch64.manylinux2014_aarch64.whl", hash = "sha256:72cbcfd54df6caf85cc35264c77ede902452d6df41166010262374155947460c"},
    {file = "Pillow-8.4.0-cp36-cp36m-manylinux_2_17_i686.manylinux2014_i686.whl", hash = "sha256:70ad9e5c6cb9b8487280a02c0ad8a51581dcbbe8484ce058477692a27c151c0a"},
    {file = "Pillow-8.4.0-cp36-cp36m-manylinux_2_17_x86_64.manylinux2014_x86_64.whl", hash = "sha256:25a49dc2e2f74e65efaa32b153527fc5ac98508d502fa46e74fa4fd678ed6645"},
    {file = "Pillow-8.4.0-cp36-cp36m-win32.whl", hash = "sha256:93ce9e955cc95959df98505e4608ad98281fff037350d8c2671c9aa86bcf10a9"},
    {file = "Pillow-8.4.0-cp36-cp36m-win_amd64.whl", hash = "sha256:2e4440b8f00f504ee4b53fe30f4e381aae30b0568193be305256b1462216feff"},
    {file = "Pillow-8.4.0-cp37-cp37m-macosx_10_10_x86_64.whl", hash = "sha256:8c803ac3c28bbc53763e6825746f05cc407b20e4a69d0122e526a582e3b5e153"},
    {file = "Pillow-8.4.0-cp37-cp37m-manylinux_2_17_aarch64.manylinux2014_aarch64.whl", hash = "sha256:c8a17b5d948f4ceeceb66384727dde11b240736fddeda54ca740b9b8b1556b29"},
    {file = "Pillow-8.4.0-cp37-cp37m-manylinux_2_17_i686.manylinux2014_i686.whl", hash = "sha256:1394a6ad5abc838c5cd8a92c5a07535648cdf6d09e8e2d6df916dfa9ea86ead8"},
    {file = "Pillow-8.4.0-cp37-cp37m-manylinux_2_17_x86_64.manylinux2014_x86_64.whl", hash = "sha256:792e5c12376594bfcb986ebf3855aa4b7c225754e9a9521298e460e92fb4a488"},
    {file = "Pillow-8.4.0-cp37-cp37m-win32.whl", hash = "sha256:d99ec152570e4196772e7a8e4ba5320d2d27bf22fdf11743dd882936ed64305b"},
    {file = "Pillow-8.4.0-cp37-cp37m-win_amd64.whl", hash = "sha256:7b7017b61bbcdd7f6363aeceb881e23c46583739cb69a3ab39cb384f6ec82e5b"},
    {file = "Pillow-8.4.0-cp38-cp38-macosx_10_10_x86_64.whl", hash = "sha256:d89363f02658e253dbd171f7c3716a5d340a24ee82d38aab9183f7fdf0cdca49"},
    {file = "Pillow-8.4.0-cp38-cp38-macosx_11_0_arm64.whl", hash = "sha256:0a0956fdc5defc34462bb1c765ee88d933239f9a94bc37d132004775241a7585"},
    {file = "Pillow-8.4.0-cp38-cp38-manylinux_2_17_aarch64.manylinux2014_aarch64.whl", hash = "sha256:5b7bb9de00197fb4261825c15551adf7605cf14a80badf1761d61e59da347779"},
    {file = "Pillow-8.4.0-cp38-cp38-manylinux_2_17_i686.manylinux2014_i686.whl", hash = "sha256:72b9e656e340447f827885b8d7a15fc8c4e68d410dc2297ef6787eec0f0ea409"},
    {file = "Pillow-8.4.0-cp38-cp38-manylinux_2_17_x86_64.manylinux2014_x86_64.whl", hash = "sha256:a5a4532a12314149d8b4e4ad8ff09dde7427731fcfa5917ff16d0291f13609df"},
    {file = "Pillow-8.4.0-cp38-cp38-win32.whl", hash = "sha256:82aafa8d5eb68c8463b6e9baeb4f19043bb31fefc03eb7b216b51e6a9981ae09"},
    {file = "Pillow-8.4.0-cp38-cp38-win_amd64.whl", hash = "sha256:066f3999cb3b070a95c3652712cffa1a748cd02d60ad7b4e485c3748a04d9d76"},
    {file = "Pillow-8.4.0-cp39-cp39-macosx_10_10_x86_64.whl", hash = "sha256:5503c86916d27c2e101b7f71c2ae2cddba01a2cf55b8395b0255fd33fa4d1f1a"},
    {file = "Pillow-8.4.0-cp39-cp39-macosx_11_0_arm64.whl", hash = "sha256:4acc0985ddf39d1bc969a9220b51d94ed51695d455c228d8ac29fcdb25810e6e"},
    {file = "Pillow-8.4.0-cp39-cp39-manylinux_2_17_aarch64.manylinux2014_aarch64.whl", hash = "sha256:0b052a619a8bfcf26bd8b3f48f45283f9e977890263e4571f2393ed8898d331b"},
    {file = "Pillow-8.4.0-cp39-cp39-manylinux_2_17_i686.manylinux2014_i686.whl", hash = "sha256:493cb4e415f44cd601fcec11c99836f707bb714ab03f5ed46ac25713baf0ff20"},
    {file = "Pillow-8.4.0-cp39-cp39-manylinux_2_17_x86_64.manylinux2014_x86_64.whl", hash = "sha256:b8831cb7332eda5dc89b21a7bce7ef6ad305548820595033a4b03cf3091235ed"},
    {file = "Pillow-8.4.0-cp39-cp39-win32.whl", hash = "sha256:5e9ac5f66616b87d4da618a20ab0a38324dbe88d8a39b55be8964eb520021e02"},
    {file = "Pillow-8.4.0-cp39-cp39-win_amd64.whl", hash = "sha256:3eb1ce5f65908556c2d8685a8f0a6e989d887ec4057326f6c22b24e8a172c66b"},
    {file = "Pillow-8.4.0-pp36-pypy36_pp73-macosx_10_10_x86_64.whl", hash = "sha256:ddc4d832a0f0b4c52fff973a0d44b6c99839a9d016fe4e6a1cb8f3eea96479c2"},
    {file = "Pillow-8.4.0-pp36-pypy36_pp73-manylinux_2_17_i686.manylinux2014_i686.whl", hash = "sha256:9a3e5ddc44c14042f0844b8cf7d2cd455f6cc80fd7f5eefbe657292cf601d9ad"},
    {file = "Pillow-8.4.0-pp36-pypy36_pp73-manylinux_2_17_x86_64.manylinux2014_x86_64.whl", hash = "sha256:c70e94281588ef053ae8998039610dbd71bc509e4acbc77ab59d7d2937b10698"},
    {file = "Pillow-8.4.0-pp37-pypy37_pp73-macosx_10_10_x86_64.whl", hash = "sha256:3862b7256046fcd950618ed22d1d60b842e3a40a48236a5498746f21189afbbc"},
    {file = "Pillow-8.4.0-pp37-pypy37_pp73-manylinux_2_17_i686.manylinux2014_i686.whl", hash = "sha256:a4901622493f88b1a29bd30ec1a2f683782e57c3c16a2dbc7f2595ba01f639df"},
    {file = "Pillow-8.4.0-pp37-pypy37_pp73-manylinux_2_17_x86_64.manylinux2014_x86_64.whl", hash = "sha256:84c471a734240653a0ec91dec0996696eea227eafe72a33bd06c92697728046b"},
    {file = "Pillow-8.4.0-pp37-pypy37_pp73-win_amd64.whl", hash = "sha256:244cf3b97802c34c41905d22810846802a3329ddcb93ccc432870243211c79fc"},
    {file = "Pillow-8.4.0.tar.gz", hash = "sha256:b8e2f83c56e141920c39464b852de3719dfbfb6e3c99a2d8da0edf4fb33176ed"},
]
psycopg2 = [
    {file = "psycopg2-2.9.2-cp310-cp310-win32.whl", hash = "sha256:6796ac614412ce374587147150e56d03b7845c9e031b88aacdcadc880e81bb38"},
    {file = "psycopg2-2.9.2-cp310-cp310-win_amd64.whl", hash = "sha256:dfc32db6ce9ecc35a131320888b547199f79822b028934bb5b332f4169393e15"},
    {file = "psycopg2-2.9.2-cp36-cp36m-win32.whl", hash = "sha256:77d09a79f9739b97099d2952bbbf18eaa4eaf825362387acbb9552ec1b3fa228"},
    {file = "psycopg2-2.9.2-cp36-cp36m-win_amd64.whl", hash = "sha256:f65cba7924363e0d2f416041b48ff69d559548f2cb168ff972c54e09e1e64db8"},
    {file = "psycopg2-2.9.2-cp37-cp37m-win32.whl", hash = "sha256:b8816c6410fa08d2a022e4e38d128bae97c1855e176a00493d6ec62ccd606d57"},
    {file = "psycopg2-2.9.2-cp37-cp37m-win_amd64.whl", hash = "sha256:26322c3f114de1f60c1b0febf8fdd595c221b4f624524178f515d07350a71bd1"},
    {file = "psycopg2-2.9.2-cp38-cp38-win32.whl", hash = "sha256:77b9105ef37bc005b8ffbcb1ed6d8685bb0e8ce84773738aa56421a007ec5a7a"},
    {file = "psycopg2-2.9.2-cp38-cp38-win_amd64.whl", hash = "sha256:91c7fd0fe9e6c118e8ff5b665bc3445781d3615fa78e131d0b4f8c85e8ca9ec8"},
    {file = "psycopg2-2.9.2-cp39-cp39-win32.whl", hash = "sha256:a761b60da0ecaf6a9866985bcde26327883ac3cdb90535ab68b8d784f02b05ef"},
    {file = "psycopg2-2.9.2-cp39-cp39-win_amd64.whl", hash = "sha256:fd7ddab7d6afee4e21c03c648c8b667b197104713e57ec404d5b74097af21e31"},
    {file = "psycopg2-2.9.2.tar.gz", hash = "sha256:a84da9fa891848e0270e8e04dcca073bc9046441eeb47069f5c0e36783debbea"},
]
pypdf3 = [
    {file = "PyPDF3-1.0.5.tar.gz", hash = "sha256:0c62a9478a77cfcb70e202a2e479a3d3db2fcac0f71e49f83649618113a61005"},
]
python-magic = [
    {file = "python-magic-0.4.24.tar.gz", hash = "sha256:de800df9fb50f8ec5974761054a708af6e4246b03b4bdaee993f948947b0ebcf"},
    {file = "python_magic-0.4.24-py2.py3-none-any.whl", hash = "sha256:4fec8ee805fea30c07afccd1592c0f17977089895bdfaae5fec870a84e997626"},
]
python-stdnum = [
    {file = "python-stdnum-1.17.tar.gz", hash = "sha256:374e2b5e13912ccdbf50b0b23fca2c3e0531174805c32d74e145f37756328340"},
    {file = "python_stdnum-1.17-py2.py3-none-any.whl", hash = "sha256:a46e6cf9652807314d369b654b255c86a59f93d18be2834f3d567ed1a346c547"},
]
pytz = [
    {file = "pytz-2021.3-py2.py3-none-any.whl", hash = "sha256:3672058bc3453457b622aab7a1c3bfd5ab0bdae451512f6cf25f64ed37f5b87c"},
    {file = "pytz-2021.3.tar.gz", hash = "sha256:acad2d8b20a1af07d4e4c9d2e9285c5ed9104354062f275f3fcd88dcef4f1326"},
]
reportlab = [
    {file = "reportlab-3.6.3-cp310-cp310-macosx_10_9_x86_64.whl", hash = "sha256:169d7017687c60ddf7690cb349e24ae10d51480d93babc6f81d851aea8a01a25"},
    {file = "reportlab-3.6.3-cp310-cp310-macosx_11_0_arm64.whl", hash = "sha256:af350308e8b8720ca6db7763b56e96b37976576c1f8b0069764074dc41a19254"},
    {file = "reportlab-3.6.3-cp310-cp310-manylinux_2_17_aarch64.manylinux2014_aarch64.whl", hash = "sha256:f0cc8308678a8136481572463e5ac92a145d2fb487aa22c842347af8a063d50a"},
    {file = "reportlab-3.6.3-cp310-cp310-manylinux_2_17_i686.manylinux2014_i686.whl", hash = "sha256:d7145d010d561c502e51795adb2e4f7534f28f12e32db0b0694081c6173c8b27"},
    {file = "reportlab-3.6.3-cp310-cp310-manylinux_2_17_x86_64.manylinux2014_x86_64.whl", hash = "sha256:ae3959094b48bdae729e838d84156d31691f0bd17c640b8b10ff0fdbbc11c031"},
    {file = "reportlab-3.6.3-cp310-cp310-win32.whl", hash = "sha256:2fa30756c2d5d5e11321114636b0cbeffdf59ffdbcf705b902057ad3801d0d37"},
    {file = "reportlab-3.6.3-cp310-cp310-win_amd64.whl", hash = "sha256:7e51f0195e602c207edcf3a768a6005a10b3db786539b74eb99afe6c9fd5656a"},
    {file = "reportlab-3.6.3-cp36-cp36m-macosx_10_9_x86_64.whl", hash = "sha256:7cb6a4ea5cfc08669c0ba66e900cf5c598c33fdb0e3e4ebadf892ff703d594f6"},
    {file = "reportlab-3.6.3-cp36-cp36m-manylinux_2_17_aarch64.manylinux2014_aarch64.whl", hash = "sha256:e8b214321e2e16209a68a4cdbe3391379845cd0da434362cf3c6d2d1053146fe"},
    {file = "reportlab-3.6.3-cp36-cp36m-manylinux_2_17_i686.manylinux2014_i686.whl", hash = "sha256:68de7f3d3511ea45b9af6e9e4a6b6d89a86d1fe59f41583fb55e6c810ebf23d9"},
    {file = "reportlab-3.6.3-cp36-cp36m-manylinux_2_17_x86_64.manylinux2014_x86_64.whl", hash = "sha256:c79f89c277f49dfd2829b9a046b20c12cd46fe69f474e4dca349e731a2397021"},
    {file = "reportlab-3.6.3-cp36-cp36m-win32.whl", hash = "sha256:c29e7cde992c56687c6f68053dea4aa3beb0d406df28738e95950d88deb38109"},
    {file = "reportlab-3.6.3-cp36-cp36m-win_amd64.whl", hash = "sha256:1055380b2dc73d5143a62451f81b2a739f605dae0e107a764efc0618293837c1"},
    {file = "reportlab-3.6.3-cp37-cp37m-macosx_10_9_x86_64.whl", hash = "sha256:d851fecf4bb6484d4038a402430f30294911aa116686624d1e79b9e3cdb1ed2c"},
    {file = "reportlab-3.6.3-cp37-cp37m-manylinux_2_17_aarch64.manylinux2014_aarch64.whl", hash = "sha256:c4e0abfa0daf0c48a6bffc46c51b2e5f6272a1d57593c51e7bc855272f763130"},
    {file = "reportlab-3.6.3-cp37-cp37m-manylinux_2_17_i686.manylinux2014_i686.whl", hash = "sha256:d94a20b7f2aad166ffe74a77bff02d82a82c514dba6d3e431fdb14675db5c383"},
    {file = "reportlab-3.6.3-cp37-cp37m-manylinux_2_17_x86_64.manylinux2014_x86_64.whl", hash = "sha256:b75a4f634e8ba89cc22ff58b9bdfd01a239b2e2fc85d086d1a2d70d08167c443"},
    {file = "reportlab-3.6.3-cp37-cp37m-win32.whl", hash = "sha256:27ce3e8869c3f22d9d7a8092858649601e76b86e2f3032df39566343b908d929"},
    {file = "reportlab-3.6.3-cp37-cp37m-win_amd64.whl", hash = "sha256:5785aab3b57fe4794147da8908d411c3abf900ac2bc5b0c39782205a1d8c5b51"},
    {file = "reportlab-3.6.3-cp38-cp38-macosx_10_9_x86_64.whl", hash = "sha256:d35cc6ae73a25b2e75b23e60d3dca0e5153dff97d9e22b28ac82712c79656fd9"},
    {file = "reportlab-3.6.3-cp38-cp38-macosx_11_0_arm64.whl", hash = "sha256:720335d2462ed8ad5ad6ea5da509a9289fab7a78b0cdcdfd56fef5398435119d"},
    {file = "reportlab-3.6.3-cp38-cp38-manylinux_2_17_aarch64.manylinux2014_aarch64.whl", hash = "sha256:dcbf4bcf0917cb50964a9c47198e802791eae2581e7788f43da8f50ed5744d8a"},
    {file = "reportlab-3.6.3-cp38-cp38-manylinux_2_17_i686.manylinux2014_i686.whl", hash = "sha256:50e62429a3487722b4d7621453efc4cbeed80f3b608cad98ef8f06d191a8d0a9"},
    {file = "reportlab-3.6.3-cp38-cp38-manylinux_2_17_x86_64.manylinux2014_x86_64.whl", hash = "sha256:d57b5374a44aab9f3898c57ed3c2e6ba159878a2a37f36ddd154adf6f4b3a5c0"},
    {file = "reportlab-3.6.3-cp38-cp38-win32.whl", hash = "sha256:3b85b7172b9b4ab0ae74fe0e99d9186ff04104d9158c980391f4e0a54b67f3a8"},
    {file = "reportlab-3.6.3-cp38-cp38-win_amd64.whl", hash = "sha256:f2c0977a39bea423f6a0b53faaabef3b2f8602b1d3e09c57f6952d60ad363119"},
    {file = "reportlab-3.6.3-cp39-cp39-macosx_10_9_x86_64.whl", hash = "sha256:3d5d9997b91ec7f2d1a2b9928ab20503cf70e8c056b445d0bc7ae29946c13623"},
    {file = "reportlab-3.6.3-cp39-cp39-macosx_11_0_arm64.whl", hash = "sha256:5d1280c9df17a5d36213b88d66f45a9475005ab39d79b6e9e98893a02a5a033d"},
    {file = "reportlab-3.6.3-cp39-cp39-manylinux_2_17_aarch64.manylinux2014_aarch64.whl", hash = "sha256:d5b56d9912f148cca4fdc0d6c805a56931bb1a4e59e899db92a3531e78f2a9de"},
    {file = "reportlab-3.6.3-cp39-cp39-manylinux_2_17_i686.manylinux2014_i686.whl", hash = "sha256:c166a6c168232948e9b100dcab1b88a4b21efe0aa14c5c18bafd28fffffb4576"},
    {file = "reportlab-3.6.3-cp39-cp39-manylinux_2_17_x86_64.manylinux2014_x86_64.whl", hash = "sha256:2efdb2999e1b19a16d5535aa70b5ec5f3ad003e1d366da566f23231ff81400aa"},
    {file = "reportlab-3.6.3-cp39-cp39-win32.whl", hash = "sha256:0c2f479df4eb447ea0757bf60b1ac0d7ddb9980335f4f94975ee6d95bda5b8f8"},
    {file = "reportlab-3.6.3-cp39-cp39-win_amd64.whl", hash = "sha256:bb8c380bceb3623f39a96b6bc8cf8db75857fea3f67900391763b5caee23ffa3"},
    {file = "reportlab-3.6.3.tar.gz", hash = "sha256:be4f05230eb17b9c9c61a180ab0c89c30112da2823c77807a2a5ddba19365865"},
]
sqlparse = [
    {file = "sqlparse-0.4.2-py3-none-any.whl", hash = "sha256:48719e356bb8b42991bdbb1e8b83223757b93789c00910a616a071910ca4a64d"},
    {file = "sqlparse-0.4.2.tar.gz", hash = "sha256:0c00730c74263a94e5a9919ade150dfc3b19c574389985446148402998287dae"},
]
tqdm = [
    {file = "tqdm-4.62.3-py2.py3-none-any.whl", hash = "sha256:8dd278a422499cd6b727e6ae4061c40b48fce8b76d1ccbf5d34fca9b7f925b0c"},
    {file = "tqdm-4.62.3.tar.gz", hash = "sha256:d359de7217506c9851b7869f3708d8ee53ed70a1b8edbba4dbcb47442592920d"},
]
urllib3 = [
    {file = "urllib3-1.26.7-py2.py3-none-any.whl", hash = "sha256:c4fdf4019605b6e5423637e01bc9fe4daef873709a7973e195ceba0a62bbc844"},
    {file = "urllib3-1.26.7.tar.gz", hash = "sha256:4987c65554f7a2dbf30c18fd48778ef124af6fab771a377103da0585e2336ece"},
]
wand = [
    {file = "Wand-0.6.7-py2.py3-none-any.whl", hash = "sha256:5ba497e90741a05ebce4603b04ee843150c566482a753554da54dc57d8503bba"},
    {file = "Wand-0.6.7.tar.gz", hash = "sha256:ebc01bccc25dba68414ab55b482341f9ad2b197d7f49d5e724f339bbf63fb6db"},
]
